// !$*UTF8*$!
{
	archiveVersion = 1;
	classes = {
	};
	objectVersion = 56;
	objects = {

/* Begin PBXBuildFile section */
		F8BA9D8E2A77C80200F4CB8D /* AppDelegate.swift in Sources */ = {isa = PBXBuildFile; fileRef = F8BA9D8D2A77C80200F4CB8D /* AppDelegate.swift */; };
		F8BA9D902A77C80200F4CB8D /* SceneDelegate.swift in Sources */ = {isa = PBXBuildFile; fileRef = F8BA9D8F2A77C80200F4CB8D /* SceneDelegate.swift */; };
		F8BA9D922A77C80200F4CB8D /* ViewController.swift in Sources */ = {isa = PBXBuildFile; fileRef = F8BA9D912A77C80200F4CB8D /* ViewController.swift */; };
		F8BA9D952A77C80200F4CB8D /* Main.storyboard in Resources */ = {isa = PBXBuildFile; fileRef = F8BA9D932A77C80200F4CB8D /* Main.storyboard */; };
		F8BA9D972A77C80400F4CB8D /* Assets.xcassets in Resources */ = {isa = PBXBuildFile; fileRef = F8BA9D962A77C80400F4CB8D /* Assets.xcassets */; };
		F8BA9D9A2A77C80400F4CB8D /* LaunchScreen.storyboard in Resources */ = {isa = PBXBuildFile; fileRef = F8BA9D982A77C80400F4CB8D /* LaunchScreen.storyboard */; };
		F8BA9DAF2A77C80500F4CB8D /* PhotoAppUITests.swift in Sources */ = {isa = PBXBuildFile; fileRef = F8BA9DAE2A77C80500F4CB8D /* PhotoAppUITests.swift */; };
		F8BA9DB12A77C80500F4CB8D /* PhotoAppUITestsLaunchTests.swift in Sources */ = {isa = PBXBuildFile; fileRef = F8BA9DB02A77C80500F4CB8D /* PhotoAppUITestsLaunchTests.swift */; };
		F8BA9DBE2A77C8D000F4CB8D /* SignInFormModelValidateTests.swift in Sources */ = {isa = PBXBuildFile; fileRef = F8BA9DBD2A77C8D000F4CB8D /* SignInFormModelValidateTests.swift */; };
		F8BA9DC02A77C91300F4CB8D /* SignInFormModelValidate.swift in Sources */ = {isa = PBXBuildFile; fileRef = F8BA9DBF2A77C91300F4CB8D /* SignInFormModelValidate.swift */; };
/* End PBXBuildFile section */

/* Begin PBXContainerItemProxy section */
		F8BA9DA12A77C80500F4CB8D /* PBXContainerItemProxy */ = {
			isa = PBXContainerItemProxy;
			containerPortal = F8BA9D822A77C80200F4CB8D /* Project object */;
			proxyType = 1;
			remoteGlobalIDString = F8BA9D892A77C80200F4CB8D;
			remoteInfo = PhotoApp;
		};
		F8BA9DAB2A77C80500F4CB8D /* PBXContainerItemProxy */ = {
			isa = PBXContainerItemProxy;
			containerPortal = F8BA9D822A77C80200F4CB8D /* Project object */;
			proxyType = 1;
			remoteGlobalIDString = F8BA9D892A77C80200F4CB8D;
			remoteInfo = PhotoApp;
		};
/* End PBXContainerItemProxy section */

/* Begin PBXFileReference section */
		F8BA9D8A2A77C80200F4CB8D /* PhotoApp.app */ = {isa = PBXFileReference; explicitFileType = wrapper.application; includeInIndex = 0; path = PhotoApp.app; sourceTree = BUILT_PRODUCTS_DIR; };
		F8BA9D8D2A77C80200F4CB8D /* AppDelegate.swift */ = {isa = PBXFileReference; lastKnownFileType = sourcecode.swift; path = AppDelegate.swift; sourceTree = "<group>"; };
		F8BA9D8F2A77C80200F4CB8D /* SceneDelegate.swift */ = {isa = PBXFileReference; lastKnownFileType = sourcecode.swift; path = SceneDelegate.swift; sourceTree = "<group>"; };
		F8BA9D912A77C80200F4CB8D /* ViewController.swift */ = {isa = PBXFileReference; lastKnownFileType = sourcecode.swift; path = ViewController.swift; sourceTree = "<group>"; };
		F8BA9D942A77C80200F4CB8D /* Base */ = {isa = PBXFileReference; lastKnownFileType = file.storyboard; name = Base; path = Base.lproj/Main.storyboard; sourceTree = "<group>"; };
		F8BA9D962A77C80400F4CB8D /* Assets.xcassets */ = {isa = PBXFileReference; lastKnownFileType = folder.assetcatalog; path = Assets.xcassets; sourceTree = "<group>"; };
		F8BA9D992A77C80400F4CB8D /* Base */ = {isa = PBXFileReference; lastKnownFileType = file.storyboard; name = Base; path = Base.lproj/LaunchScreen.storyboard; sourceTree = "<group>"; };
		F8BA9D9B2A77C80400F4CB8D /* Info.plist */ = {isa = PBXFileReference; lastKnownFileType = text.plist.xml; path = Info.plist; sourceTree = "<group>"; };
		F8BA9DA02A77C80500F4CB8D /* PhotoAppTests.xctest */ = {isa = PBXFileReference; explicitFileType = wrapper.cfbundle; includeInIndex = 0; path = PhotoAppTests.xctest; sourceTree = BUILT_PRODUCTS_DIR; };
		F8BA9DAA2A77C80500F4CB8D /* PhotoAppUITests.xctest */ = {isa = PBXFileReference; explicitFileType = wrapper.cfbundle; includeInIndex = 0; path = PhotoAppUITests.xctest; sourceTree = BUILT_PRODUCTS_DIR; };
		F8BA9DAE2A77C80500F4CB8D /* PhotoAppUITests.swift */ = {isa = PBXFileReference; lastKnownFileType = sourcecode.swift; path = PhotoAppUITests.swift; sourceTree = "<group>"; };
		F8BA9DB02A77C80500F4CB8D /* PhotoAppUITestsLaunchTests.swift */ = {isa = PBXFileReference; lastKnownFileType = sourcecode.swift; path = PhotoAppUITestsLaunchTests.swift; sourceTree = "<group>"; };
		F8BA9DBD2A77C8D000F4CB8D /* SignInFormModelValidateTests.swift */ = {isa = PBXFileReference; lastKnownFileType = sourcecode.swift; path = SignInFormModelValidateTests.swift; sourceTree = "<group>"; };
		F8BA9DBF2A77C91300F4CB8D /* SignInFormModelValidate.swift */ = {isa = PBXFileReference; lastKnownFileType = sourcecode.swift; path = SignInFormModelValidate.swift; sourceTree = "<group>"; };
/* End PBXFileReference section */

/* Begin PBXFrameworksBuildPhase section */
		F8BA9D872A77C80200F4CB8D /* Frameworks */ = {
			isa = PBXFrameworksBuildPhase;
			buildActionMask = 2147483647;
			files = (
			);
			runOnlyForDeploymentPostprocessing = 0;
		};
		F8BA9D9D2A77C80500F4CB8D /* Frameworks */ = {
			isa = PBXFrameworksBuildPhase;
			buildActionMask = 2147483647;
			files = (
			);
			runOnlyForDeploymentPostprocessing = 0;
		};
		F8BA9DA72A77C80500F4CB8D /* Frameworks */ = {
			isa = PBXFrameworksBuildPhase;
			buildActionMask = 2147483647;
			files = (
			);
			runOnlyForDeploymentPostprocessing = 0;
		};
/* End PBXFrameworksBuildPhase section */

/* Begin PBXGroup section */
		F8BA9D812A77C80200F4CB8D = {
			isa = PBXGroup;
			children = (
				F8BA9D8C2A77C80200F4CB8D /* PhotoApp */,
				F8BA9DA32A77C80500F4CB8D /* PhotoAppTests */,
				F8BA9DAD2A77C80500F4CB8D /* PhotoAppUITests */,
				F8BA9D8B2A77C80200F4CB8D /* Products */,
			);
			sourceTree = "<group>";
		};
		F8BA9D8B2A77C80200F4CB8D /* Products */ = {
			isa = PBXGroup;
			children = (
				F8BA9D8A2A77C80200F4CB8D /* PhotoApp.app */,
				F8BA9DA02A77C80500F4CB8D /* PhotoAppTests.xctest */,
				F8BA9DAA2A77C80500F4CB8D /* PhotoAppUITests.xctest */,
			);
			name = Products;
			sourceTree = "<group>";
		};
		F8BA9D8C2A77C80200F4CB8D /* PhotoApp */ = {
			isa = PBXGroup;
			children = (
				F8BA9D8D2A77C80200F4CB8D /* AppDelegate.swift */,
				F8BA9D8F2A77C80200F4CB8D /* SceneDelegate.swift */,
				F8BA9D912A77C80200F4CB8D /* ViewController.swift */,
				F8BA9D932A77C80200F4CB8D /* Main.storyboard */,
				F8BA9D962A77C80400F4CB8D /* Assets.xcassets */,
				F8BA9D982A77C80400F4CB8D /* LaunchScreen.storyboard */,
				F8BA9D9B2A77C80400F4CB8D /* Info.plist */,
				F8BA9DBF2A77C91300F4CB8D /* SignInFormModelValidate.swift */,
			);
			path = PhotoApp;
			sourceTree = "<group>";
		};
		F8BA9DA32A77C80500F4CB8D /* PhotoAppTests */ = {
			isa = PBXGroup;
			children = (
				F8BA9DBD2A77C8D000F4CB8D /* SignInFormModelValidateTests.swift */,
			);
			path = PhotoAppTests;
			sourceTree = "<group>";
		};
		F8BA9DAD2A77C80500F4CB8D /* PhotoAppUITests */ = {
			isa = PBXGroup;
			children = (
				F8BA9DAE2A77C80500F4CB8D /* PhotoAppUITests.swift */,
				F8BA9DB02A77C80500F4CB8D /* PhotoAppUITestsLaunchTests.swift */,
			);
			path = PhotoAppUITests;
			sourceTree = "<group>";
		};
/* End PBXGroup section */

/* Begin PBXNativeTarget section */
		F8BA9D892A77C80200F4CB8D /* PhotoApp */ = {
			isa = PBXNativeTarget;
			buildConfigurationList = F8BA9DB42A77C80500F4CB8D /* Build configuration list for PBXNativeTarget "PhotoApp" */;
			buildPhases = (
				F8BA9D862A77C80200F4CB8D /* Sources */,
				F8BA9D872A77C80200F4CB8D /* Frameworks */,
				F8BA9D882A77C80200F4CB8D /* Resources */,
			);
			buildRules = (
			);
			dependencies = (
			);
			name = PhotoApp;
			productName = PhotoApp;
			productReference = F8BA9D8A2A77C80200F4CB8D /* PhotoApp.app */;
			productType = "com.apple.product-type.application";
		};
		F8BA9D9F2A77C80500F4CB8D /* PhotoAppTests */ = {
			isa = PBXNativeTarget;
			buildConfigurationList = F8BA9DB72A77C80500F4CB8D /* Build configuration list for PBXNativeTarget "PhotoAppTests" */;
			buildPhases = (
				F8BA9D9C2A77C80500F4CB8D /* Sources */,
				F8BA9D9D2A77C80500F4CB8D /* Frameworks */,
				F8BA9D9E2A77C80500F4CB8D /* Resources */,
			);
			buildRules = (
			);
			dependencies = (
				F8BA9DA22A77C80500F4CB8D /* PBXTargetDependency */,
			);
			name = PhotoAppTests;
			productName = PhotoAppTests;
			productReference = F8BA9DA02A77C80500F4CB8D /* PhotoAppTests.xctest */;
			productType = "com.apple.product-type.bundle.unit-test";
		};
		F8BA9DA92A77C80500F4CB8D /* PhotoAppUITests */ = {
			isa = PBXNativeTarget;
			buildConfigurationList = F8BA9DBA2A77C80500F4CB8D /* Build configuration list for PBXNativeTarget "PhotoAppUITests" */;
			buildPhases = (
				F8BA9DA62A77C80500F4CB8D /* Sources */,
				F8BA9DA72A77C80500F4CB8D /* Frameworks */,
				F8BA9DA82A77C80500F4CB8D /* Resources */,
			);
			buildRules = (
			);
			dependencies = (
				F8BA9DAC2A77C80500F4CB8D /* PBXTargetDependency */,
			);
			name = PhotoAppUITests;
			productName = PhotoAppUITests;
			productReference = F8BA9DAA2A77C80500F4CB8D /* PhotoAppUITests.xctest */;
			productType = "com.apple.product-type.bundle.ui-testing";
		};
/* End PBXNativeTarget section */

/* Begin PBXProject section */
		F8BA9D822A77C80200F4CB8D /* Project object */ = {
			isa = PBXProject;
			attributes = {
				BuildIndependentTargetsInParallel = 1;
				LastSwiftUpdateCheck = 1420;
				LastUpgradeCheck = 1420;
				TargetAttributes = {
					F8BA9D892A77C80200F4CB8D = {
						CreatedOnToolsVersion = 14.2;
					};
					F8BA9D9F2A77C80500F4CB8D = {
						CreatedOnToolsVersion = 14.2;
						LastSwiftMigration = 1420;
						TestTargetID = F8BA9D892A77C80200F4CB8D;
					};
					F8BA9DA92A77C80500F4CB8D = {
						CreatedOnToolsVersion = 14.2;
						TestTargetID = F8BA9D892A77C80200F4CB8D;
					};
				};
			};
			buildConfigurationList = F8BA9D852A77C80200F4CB8D /* Build configuration list for PBXProject "PhotoApp" */;
			compatibilityVersion = "Xcode 14.0";
			developmentRegion = en;
			hasScannedForEncodings = 0;
			knownRegions = (
				en,
				Base,
			);
			mainGroup = F8BA9D812A77C80200F4CB8D;
			productRefGroup = F8BA9D8B2A77C80200F4CB8D /* Products */;
			projectDirPath = "";
			projectRoot = "";
			targets = (
				F8BA9D892A77C80200F4CB8D /* PhotoApp */,
				F8BA9D9F2A77C80500F4CB8D /* PhotoAppTests */,
				F8BA9DA92A77C80500F4CB8D /* PhotoAppUITests */,
			);
		};
/* End PBXProject section */

/* Begin PBXResourcesBuildPhase section */
		F8BA9D882A77C80200F4CB8D /* Resources */ = {
			isa = PBXResourcesBuildPhase;
			buildActionMask = 2147483647;
			files = (
				F8BA9D9A2A77C80400F4CB8D /* LaunchScreen.storyboard in Resources */,
				F8BA9D972A77C80400F4CB8D /* Assets.xcassets in Resources */,
				F8BA9D952A77C80200F4CB8D /* Main.storyboard in Resources */,
			);
			runOnlyForDeploymentPostprocessing = 0;
		};
		F8BA9D9E2A77C80500F4CB8D /* Resources */ = {
			isa = PBXResourcesBuildPhase;
			buildActionMask = 2147483647;
			files = (
			);
			runOnlyForDeploymentPostprocessing = 0;
		};
		F8BA9DA82A77C80500F4CB8D /* Resources */ = {
			isa = PBXResourcesBuildPhase;
			buildActionMask = 2147483647;
			files = (
			);
			runOnlyForDeploymentPostprocessing = 0;
		};
/* End PBXResourcesBuildPhase section */

/* Begin PBXSourcesBuildPhase section */
		F8BA9D862A77C80200F4CB8D /* Sources */ = {
			isa = PBXSourcesBuildPhase;
			buildActionMask = 2147483647;
			files = (
				F8BA9D922A77C80200F4CB8D /* ViewController.swift in Sources */,
				F8BA9D8E2A77C80200F4CB8D /* AppDelegate.swift in Sources */,
				F8BA9D902A77C80200F4CB8D /* SceneDelegate.swift in Sources */,
				F8BA9DC02A77C91300F4CB8D /* SignInFormModelValidate.swift in Sources */,
			);
			runOnlyForDeploymentPostprocessing = 0;
		};
		F8BA9D9C2A77C80500F4CB8D /* Sources */ = {
			isa = PBXSourcesBuildPhase;
			buildActionMask = 2147483647;
			files = (
				F8BA9DBE2A77C8D000F4CB8D /* SignInFormModelValidateTests.swift in Sources */,
			);
			runOnlyForDeploymentPostprocessing = 0;
		};
		F8BA9DA62A77C80500F4CB8D /* Sources */ = {
			isa = PBXSourcesBuildPhase;
			buildActionMask = 2147483647;
			files = (
				F8BA9DB12A77C80500F4CB8D /* PhotoAppUITestsLaunchTests.swift in Sources */,
				F8BA9DAF2A77C80500F4CB8D /* PhotoAppUITests.swift in Sources */,
			);
			runOnlyForDeploymentPostprocessing = 0;
		};
/* End PBXSourcesBuildPhase section */

/* Begin PBXTargetDependency section */
		F8BA9DA22A77C80500F4CB8D /* PBXTargetDependency */ = {
			isa = PBXTargetDependency;
			target = F8BA9D892A77C80200F4CB8D /* PhotoApp */;
			targetProxy = F8BA9DA12A77C80500F4CB8D /* PBXContainerItemProxy */;
		};
		F8BA9DAC2A77C80500F4CB8D /* PBXTargetDependency */ = {
			isa = PBXTargetDependency;
			target = F8BA9D892A77C80200F4CB8D /* PhotoApp */;
			targetProxy = F8BA9DAB2A77C80500F4CB8D /* PBXContainerItemProxy */;
		};
/* End PBXTargetDependency section */

/* Begin PBXVariantGroup section */
		F8BA9D932A77C80200F4CB8D /* Main.storyboard */ = {
			isa = PBXVariantGroup;
			children = (
				F8BA9D942A77C80200F4CB8D /* Base */,
			);
			name = Main.storyboard;
			sourceTree = "<group>";
		};
		F8BA9D982A77C80400F4CB8D /* LaunchScreen.storyboard */ = {
			isa = PBXVariantGroup;
			children = (
				F8BA9D992A77C80400F4CB8D /* Base */,
			);
			name = LaunchScreen.storyboard;
			sourceTree = "<group>";
		};
/* End PBXVariantGroup section */

/* Begin XCBuildConfiguration section */
		F8BA9DB22A77C80500F4CB8D /* Debug */ = {
			isa = XCBuildConfiguration;
			buildSettings = {
				ALWAYS_SEARCH_USER_PATHS = NO;
				CLANG_ANALYZER_NONNULL = YES;
				CLANG_ANALYZER_NUMBER_OBJECT_CONVERSION = YES_AGGRESSIVE;
				CLANG_CXX_LANGUAGE_STANDARD = "gnu++20";
				CLANG_ENABLE_MODULES = YES;
				CLANG_ENABLE_OBJC_ARC = YES;
				CLANG_ENABLE_OBJC_WEAK = YES;
				CLANG_WARN_BLOCK_CAPTURE_AUTORELEASING = YES;
				CLANG_WARN_BOOL_CONVERSION = YES;
				CLANG_WARN_COMMA = YES;
				CLANG_WARN_CONSTANT_CONVERSION = YES;
				CLANG_WARN_DEPRECATED_OBJC_IMPLEMENTATIONS = YES;
				CLANG_WARN_DIRECT_OBJC_ISA_USAGE = YES_ERROR;
				CLANG_WARN_DOCUMENTATION_COMMENTS = YES;
				CLANG_WARN_EMPTY_BODY = YES;
				CLANG_WARN_ENUM_CONVERSION = YES;
				CLANG_WARN_INFINITE_RECURSION = YES;
				CLANG_WARN_INT_CONVERSION = YES;
				CLANG_WARN_NON_LITERAL_NULL_CONVERSION = YES;
				CLANG_WARN_OBJC_IMPLICIT_RETAIN_SELF = YES;
				CLANG_WARN_OBJC_LITERAL_CONVERSION = YES;
				CLANG_WARN_OBJC_ROOT_CLASS = YES_ERROR;
				CLANG_WARN_QUOTED_INCLUDE_IN_FRAMEWORK_HEADER = YES;
				CLANG_WARN_RANGE_LOOP_ANALYSIS = YES;
				CLANG_WARN_STRICT_PROTOTYPES = YES;
				CLANG_WARN_SUSPICIOUS_MOVE = YES;
				CLANG_WARN_UNGUARDED_AVAILABILITY = YES_AGGRESSIVE;
				CLANG_WARN_UNREACHABLE_CODE = YES;
				CLANG_WARN__DUPLICATE_METHOD_MATCH = YES;
				COPY_PHASE_STRIP = NO;
				DEBUG_INFORMATION_FORMAT = dwarf;
				ENABLE_STRICT_OBJC_MSGSEND = YES;
				ENABLE_TESTABILITY = YES;
				GCC_C_LANGUAGE_STANDARD = gnu11;
				GCC_DYNAMIC_NO_PIC = NO;
				GCC_NO_COMMON_BLOCKS = YES;
				GCC_OPTIMIZATION_LEVEL = 0;
				GCC_PREPROCESSOR_DEFINITIONS = (
					"DEBUG=1",
					"$(inherited)",
				);
				GCC_WARN_64_TO_32_BIT_CONVERSION = YES;
				GCC_WARN_ABOUT_RETURN_TYPE = YES_ERROR;
				GCC_WARN_UNDECLARED_SELECTOR = YES;
				GCC_WARN_UNINITIALIZED_AUTOS = YES_AGGRESSIVE;
				GCC_WARN_UNUSED_FUNCTION = YES;
				GCC_WARN_UNUSED_VARIABLE = YES;
				IPHONEOS_DEPLOYMENT_TARGET = 16.2;
				MTL_ENABLE_DEBUG_INFO = INCLUDE_SOURCE;
				MTL_FAST_MATH = YES;
				ONLY_ACTIVE_ARCH = YES;
				SDKROOT = iphoneos;
				SWIFT_ACTIVE_COMPILATION_CONDITIONS = DEBUG;
				SWIFT_OPTIMIZATION_LEVEL = "-Onone";
			};
			name = Debug;
		};
		F8BA9DB32A77C80500F4CB8D /* Release */ = {
			isa = XCBuildConfiguration;
			buildSettings = {
				ALWAYS_SEARCH_USER_PATHS = NO;
				CLANG_ANALYZER_NONNULL = YES;
				CLANG_ANALYZER_NUMBER_OBJECT_CONVERSION = YES_AGGRESSIVE;
				CLANG_CXX_LANGUAGE_STANDARD = "gnu++20";
				CLANG_ENABLE_MODULES = YES;
				CLANG_ENABLE_OBJC_ARC = YES;
				CLANG_ENABLE_OBJC_WEAK = YES;
				CLANG_WARN_BLOCK_CAPTURE_AUTORELEASING = YES;
				CLANG_WARN_BOOL_CONVERSION = YES;
				CLANG_WARN_COMMA = YES;
				CLANG_WARN_CONSTANT_CONVERSION = YES;
				CLANG_WARN_DEPRECATED_OBJC_IMPLEMENTATIONS = YES;
				CLANG_WARN_DIRECT_OBJC_ISA_USAGE = YES_ERROR;
				CLANG_WARN_DOCUMENTATION_COMMENTS = YES;
				CLANG_WARN_EMPTY_BODY = YES;
				CLANG_WARN_ENUM_CONVERSION = YES;
				CLANG_WARN_INFINITE_RECURSION = YES;
				CLANG_WARN_INT_CONVERSION = YES;
				CLANG_WARN_NON_LITERAL_NULL_CONVERSION = YES;
				CLANG_WARN_OBJC_IMPLICIT_RETAIN_SELF = YES;
				CLANG_WARN_OBJC_LITERAL_CONVERSION = YES;
				CLANG_WARN_OBJC_ROOT_CLASS = YES_ERROR;
				CLANG_WARN_QUOTED_INCLUDE_IN_FRAMEWORK_HEADER = YES;
				CLANG_WARN_RANGE_LOOP_ANALYSIS = YES;
				CLANG_WARN_STRICT_PROTOTYPES = YES;
				CLANG_WARN_SUSPICIOUS_MOVE = YES;
				CLANG_WARN_UNGUARDED_AVAILABILITY = YES_AGGRESSIVE;
				CLANG_WARN_UNREACHABLE_CODE = YES;
				CLANG_WARN__DUPLICATE_METHOD_MATCH = YES;
				COPY_PHASE_STRIP = NO;
				DEBUG_INFORMATION_FORMAT = "dwarf-with-dsym";
				ENABLE_NS_ASSERTIONS = NO;
				ENABLE_STRICT_OBJC_MSGSEND = YES;
				GCC_C_LANGUAGE_STANDARD = gnu11;
				GCC_NO_COMMON_BLOCKS = YES;
				GCC_WARN_64_TO_32_BIT_CONVERSION = YES;
				GCC_WARN_ABOUT_RETURN_TYPE = YES_ERROR;
				GCC_WARN_UNDECLARED_SELECTOR = YES;
				GCC_WARN_UNINITIALIZED_AUTOS = YES_AGGRESSIVE;
				GCC_WARN_UNUSED_FUNCTION = YES;
				GCC_WARN_UNUSED_VARIABLE = YES;
				IPHONEOS_DEPLOYMENT_TARGET = 16.2;
				MTL_ENABLE_DEBUG_INFO = NO;
				MTL_FAST_MATH = YES;
				SDKROOT = iphoneos;
				SWIFT_COMPILATION_MODE = wholemodule;
				SWIFT_OPTIMIZATION_LEVEL = "-O";
				VALIDATE_PRODUCT = YES;
			};
			name = Release;
		};
		F8BA9DB52A77C80500F4CB8D /* Debug */ = {
			isa = XCBuildConfiguration;
			buildSettings = {
				ASSETCATALOG_COMPILER_APPICON_NAME = AppIcon;
				ASSETCATALOG_COMPILER_GLOBAL_ACCENT_COLOR_NAME = AccentColor;
				CODE_SIGN_STYLE = Automatic;
				CURRENT_PROJECT_VERSION = 1;
				DEVELOPMENT_TEAM = M8S29G9Z3W;
				GENERATE_INFOPLIST_FILE = YES;
				INFOPLIST_FILE = PhotoApp/Info.plist;
				INFOPLIST_KEY_UIApplicationSupportsIndirectInputEvents = YES;
				INFOPLIST_KEY_UILaunchStoryboardName = LaunchScreen;
				INFOPLIST_KEY_UIMainStoryboardFile = Main;
				INFOPLIST_KEY_UISupportedInterfaceOrientations_iPad = "UIInterfaceOrientationPortrait UIInterfaceOrientationPortraitUpsideDown UIInterfaceOrientationLandscapeLeft UIInterfaceOrientationLandscapeRight";
				INFOPLIST_KEY_UISupportedInterfaceOrientations_iPhone = "UIInterfaceOrientationPortrait UIInterfaceOrientationLandscapeLeft UIInterfaceOrientationLandscapeRight";
				LD_RUNPATH_SEARCH_PATHS = (
					"$(inherited)",
					"@executable_path/Frameworks",
				);
				MARKETING_VERSION = 1.0;
				PRODUCT_BUNDLE_IDENTIFIER = SwiftUi.oday.PhotoApp;
				PRODUCT_NAME = "$(TARGET_NAME)";
				SWIFT_EMIT_LOC_STRINGS = YES;
				SWIFT_VERSION = 5.0;
				TARGETED_DEVICE_FAMILY = "1,2";
			};
			name = Debug;
		};
		F8BA9DB62A77C80500F4CB8D /* Release */ = {
			isa = XCBuildConfiguration;
			buildSettings = {
				ASSETCATALOG_COMPILER_APPICON_NAME = AppIcon;
				ASSETCATALOG_COMPILER_GLOBAL_ACCENT_COLOR_NAME = AccentColor;
				CODE_SIGN_STYLE = Automatic;
				CURRENT_PROJECT_VERSION = 1;
				DEVELOPMENT_TEAM = M8S29G9Z3W;
				GENERATE_INFOPLIST_FILE = YES;
				INFOPLIST_FILE = PhotoApp/Info.plist;
				INFOPLIST_KEY_UIApplicationSupportsIndirectInputEvents = YES;
				INFOPLIST_KEY_UILaunchStoryboardName = LaunchScreen;
				INFOPLIST_KEY_UIMainStoryboardFile = Main;
				INFOPLIST_KEY_UISupportedInterfaceOrientations_iPad = "UIInterfaceOrientationPortrait UIInterfaceOrientationPortraitUpsideDown UIInterfaceOrientationLandscapeLeft UIInterfaceOrientationLandscapeRight";
				INFOPLIST_KEY_UISupportedInterfaceOrientations_iPhone = "UIInterfaceOrientationPortrait UIInterfaceOrientationLandscapeLeft UIInterfaceOrientationLandscapeRight";
				LD_RUNPATH_SEARCH_PATHS = (
					"$(inherited)",
					"@executable_path/Frameworks",
				);
				MARKETING_VERSION = 1.0;
				PRODUCT_BUNDLE_IDENTIFIER = SwiftUi.oday.PhotoApp;
				PRODUCT_NAME = "$(TARGET_NAME)";
				SWIFT_EMIT_LOC_STRINGS = YES;
				SWIFT_VERSION = 5.0;
				TARGETED_DEVICE_FAMILY = "1,2";
			};
			name = Release;
		};
		F8BA9DB82A77C80500F4CB8D /* Debug */ = {
			isa = XCBuildConfiguration;
			buildSettings = {
				ALWAYS_EMBED_SWIFT_STANDARD_LIBRARIES = YES;
				BUNDLE_LOADER = "$(TEST_HOST)";
				CLANG_ENABLE_MODULES = YES;
				CODE_SIGN_STYLE = Automatic;
				CURRENT_PROJECT_VERSION = 1;
				DEVELOPMENT_TEAM = M8S29G9Z3W;
				GENERATE_INFOPLIST_FILE = YES;
				IPHONEOS_DEPLOYMENT_TARGET = 16.2;
				LD_RUNPATH_SEARCH_PATHS = (
					"$(inherited)",
					"@executable_path/Frameworks",
					"@loader_path/Frameworks",
				);
				MARKETING_VERSION = 1.0;
				PRODUCT_BUNDLE_IDENTIFIER = SwiftUi.oday.PhotoAppTests;
				PRODUCT_NAME = "$(TARGET_NAME)";
				SWIFT_EMIT_LOC_STRINGS = NO;
				SWIFT_OPTIMIZATION_LEVEL = "-Onone";
				SWIFT_VERSION = 5.0;
				TARGETED_DEVICE_FAMILY = "1,2";
				TEST_HOST = "$(BUILT_PRODUCTS_DIR)/PhotoApp.app/$(BUNDLE_EXECUTABLE_FOLDER_PATH)/PhotoApp";
			};
			name = Debug;
		};
		F8BA9DB92A77C80500F4CB8D /* Release */ = {
			isa = XCBuildConfiguration;
			buildSettings = {
				ALWAYS_EMBED_SWIFT_STANDARD_LIBRARIES = YES;
				BUNDLE_LOADER = "$(TEST_HOST)";
				CLANG_ENABLE_MODULES = YES;
				CODE_SIGN_STYLE = Automatic;
				CURRENT_PROJECT_VERSION = 1;
				DEVELOPMENT_TEAM = M8S29G9Z3W;
				GENERATE_INFOPLIST_FILE = YES;
				IPHONEOS_DEPLOYMENT_TARGET = 16.2;
				LD_RUNPATH_SEARCH_PATHS = (
					"$(inherited)",
					"@executable_path/Frameworks",
					"@loader_path/Frameworks",
				);
				MARKETING_VERSION = 1.0;
				PRODUCT_BUNDLE_IDENTIFIER = SwiftUi.oday.PhotoAppTests;
				PRODUCT_NAME = "$(TARGET_NAME)";
				SWIFT_EMIT_LOC_STRINGS = NO;
				SWIFT_VERSION = 5.0;
				TARGETED_DEVICE_FAMILY = "1,2";
				TEST_HOST = "$(BUILT_PRODUCTS_DIR)/PhotoApp.app/$(BUNDLE_EXECUTABLE_FOLDER_PATH)/PhotoApp";
			};
			name = Release;
		};
		F8BA9DBB2A77C80500F4CB8D /* Debug */ = {
			isa = XCBuildConfiguration;
			buildSettings = {
				ALWAYS_EMBED_SWIFT_STANDARD_LIBRARIES = YES;
				CODE_SIGN_STYLE = Automatic;
				CURRENT_PROJECT_VERSION = 1;
				DEVELOPMENT_TEAM = M8S29G9Z3W;
				GENERATE_INFOPLIST_FILE = YES;
				MARKETING_VERSION = 1.0;
				PRODUCT_BUNDLE_IDENTIFIER = SwiftUi.oday.PhotoAppUITests;
				PRODUCT_NAME = "$(TARGET_NAME)";
				SWIFT_EMIT_LOC_STRINGS = NO;
				SWIFT_VERSION = 5.0;
				TARGETED_DEVICE_FAMILY = "1,2";
				TEST_TARGET_NAME = PhotoApp;
			};
			name = Debug;
		};
		F8BA9DBC2A77C80500F4CB8D /* Release */ = {
			isa = XCBuildConfiguration;
			buildSettings = {
				ALWAYS_EMBED_SWIFT_STANDARD_LIBRARIES = YES;
				CODE_SIGN_STYLE = Automatic;
				CURRENT_PROJECT_VERSION = 1;
				DEVELOPMENT_TEAM = M8S29G9Z3W;
				GENERATE_INFOPLIST_FILE = YES;
				MARKETING_VERSION = 1.0;
				PRODUCT_BUNDLE_IDENTIFIER = SwiftUi.oday.PhotoAppUITests;
				PRODUCT_NAME = "$(TARGET_NAME)";
				SWIFT_EMIT_LOC_STRINGS = NO;
				SWIFT_VERSION = 5.0;
				TARGETED_DEVICE_FAMILY = "1,2";
				TEST_TARGET_NAME = PhotoApp;
			};
			name = Release;
		};
/* End XCBuildConfiguration section */

/* Begin XCConfigurationList section */
		F8BA9D852A77C80200F4CB8D /* Build configuration list for PBXProject "PhotoApp" */ = {
			isa = XCConfigurationList;
			buildConfigurations = (
				F8BA9DB22A77C80500F4CB8D /* Debug */,
				F8BA9DB32A77C80500F4CB8D /* Release */,
			);
			defaultConfigurationIsVisible = 0;
			defaultConfigurationName = Release;
		};
		F8BA9DB42A77C80500F4CB8D /* Build configuration list for PBXNativeTarget "PhotoApp" */ = {
			isa = XCConfigurationList;
			buildConfigurations = (
				F8BA9DB52A77C80500F4CB8D /* Debug */,
				F8BA9DB62A77C80500F4CB8D /* Release */,
			);
			defaultConfigurationIsVisible = 0;
			defaultConfigurationName = Release;
		};
		F8BA9DB72A77C80500F4CB8D /* Build configuration list for PBXNativeTarget "PhotoAppTests" */ = {
			isa = XCConfigurationList;
			buildConfigurations = (
				F8BA9DB82A77C80500F4CB8D /* Debug */,
				F8BA9DB92A77C80500F4CB8D /* Release */,
			);
			defaultConfigurationIsVisible = 0;
			defaultConfigurationName = Release;
		};
		F8BA9DBA2A77C80500F4CB8D /* Build configuration list for PBXNativeTarget "PhotoAppUITests" */ = {
			isa = XCConfigurationList;
			buildConfigurations = (
				F8BA9DBB2A77C80500F4CB8D /* Debug */,
				F8BA9DBC2A77C80500F4CB8D /* Release */,
			);
			defaultConfigurationIsVisible = 0;
			defaultConfigurationName = Release;
		};
/* End XCConfigurationList section */
	};
	rootObject = F8BA9D822A77C80200F4CB8D /* Project object */;
}
